
Microsoft Visual Studio Solution File, Format Version 12.00
# Visual Studio Version 16
VisualStudioVersion = 16.0.29911.84
MinimumVisualStudioVersion = 10.0.40219.1
Project("{FAE04EC0-301F-11D3-BF4B-00C04F79EFBC}") = "CustomCaves", "CustomCaves\CustomCaves.csproj", "{7BBB44CB-E830-45F8-B565-FBC9FFF18B52}"
EndProject
Global
	GlobalSection(SolutionConfigurationPlatforms) = preSolution
		Debug|Any CPU = Debug|Any CPU
		Release|Any CPU = Release|Any CPU
	EndGlobalSection
	GlobalSection(ProjectConfigurationPlatforms) = postSolution
		{7BBB44CB-E830-45F8-B565-FBC9FFF18B52}.Debug|Any CPU.ActiveCfg = Debug|Any CPU
		{7BBB44CB-E830-45F8-B565-FBC9FFF18B52}.Debug|Any CPU.Build.0 = Debug|Any CPU
		{7BBB44CB-E830-45F8-B565-FBC9FFF18B52}.Release|Any CPU.ActiveCfg = Release|Any CPU
		{7BBB44CB-E830-45F8-B565-FBC9FFF18B52}.Release|Any CPU.Build.0 = Release|Any CPU
	EndGlobalSection
	GlobalSection(SolutionProperties) = preSolution
		HideSolutionNode = FALSE
	EndGlobalSection
	GlobalSection(ExtensibilityGlobals) = postSolution
		SolutionGuid = {B0EDDDF2-A96D-48F7-919C-784660EC4B76}
	EndGlobalSection
EndGlobal
